// !$*UTF8*$!
{
	archiveVersion = 1;
	classes = {
	};
	objectVersion = 46;
	objects = {

/* Begin PBXBuildFile section */
		157036FF17EC12F700C29BBC /* TDAppDelegate in Resources */ = {isa = PBXBuildFile; fileRef = 157036FE17EC12F700C29BBC /* TDAppDelegate */; };
		1570370117EC130E00C29BBC /* TDTableViewController in Resources */ = {isa = PBXBuildFile; fileRef = 1570370017EC130E00C29BBC /* TDTableViewController */; };
		1570370317EC132100C29BBC /* TDViewController in Resources */ = {isa = PBXBuildFile; fileRef = 1570370217EC132100C29BBC /* TDViewController */; };
		15CBEF7A17E634F70020F35D /* UIKit.framework in Frameworks */ = {isa = PBXBuildFile; fileRef = 15CBEF7917E634F70020F35D /* UIKit.framework */; };
		15CBEF7C17E634F70020F35D /* Foundation.framework in Frameworks */ = {isa = PBXBuildFile; fileRef = 15CBEF7B17E634F70020F35D /* Foundation.framework */; };
		15CBEF7E17E634F70020F35D /* CoreGraphics.framework in Frameworks */ = {isa = PBXBuildFile; fileRef = 15CBEF7D17E634F70020F35D /* CoreGraphics.framework */; };
		15CBEF8417E634F70020F35D /* InfoPlist.strings in Resources */ = {isa = PBXBuildFile; fileRef = 15CBEF8217E634F70020F35D /* InfoPlist.strings */; };
		15CBEF8617E634F70020F35D /* main.m in Sources */ = {isa = PBXBuildFile; fileRef = 15CBEF8517E634F70020F35D /* main.m */; };
		15CBEF8A17E634F70020F35D /* TDAppDelegate.m in Sources */ = {isa = PBXBuildFile; fileRef = 15CBEF8917E634F70020F35D /* TDAppDelegate.m */; };
		15CBEF8C17E634F70020F35D /* Default.png in Resources */ = {isa = PBXBuildFile; fileRef = 15CBEF8B17E634F70020F35D /* Default.png */; };
		15CBEF8E17E634F70020F35D /* Default@2x.png in Resources */ = {isa = PBXBuildFile; fileRef = 15CBEF8D17E634F70020F35D /* Default@2x.png */; };
		15CBEF9017E634F70020F35D /* Default-568h@2x.png in Resources */ = {isa = PBXBuildFile; fileRef = 15CBEF8F17E634F70020F35D /* Default-568h@2x.png */; };
		15CBEF9317E634F70020F35D /* TDViewController.m in Sources */ = {isa = PBXBuildFile; fileRef = 15CBEF9217E634F70020F35D /* TDViewController.m */; };
		15CBEF9617E634F70020F35D /* TDViewController.xib in Resources */ = {isa = PBXBuildFile; fileRef = 15CBEF9417E634F70020F35D /* TDViewController.xib */; };
		15E2A63F17EBA78600AF0A46 /* TDTableViewController.m in Sources */ = {isa = PBXBuildFile; fileRef = 15E2A63E17EBA78600AF0A46 /* TDTableViewController.m */; };
/* End PBXBuildFile section */

/* Begin PBXFileReference section */
		157036FE17EC12F700C29BBC /* TDAppDelegate */ = {isa = PBXFileReference; fileEncoding = 4; lastKnownFileType = text; name = TDAppDelegate; path = ../../../../TDAppDelegate; sourceTree = "<group>"; };
		1570370017EC130E00C29BBC /* TDTableViewController */ = {isa = PBXFileReference; fileEncoding = 4; lastKnownFileType = text; name = TDTableViewController; path = ../../../../TDTableViewController; sourceTree = "<group>"; };
		1570370217EC132100C29BBC /* TDViewController */ = {isa = PBXFileReference; fileEncoding = 4; lastKnownFileType = text; path = TDViewController; sourceTree = "<group>"; };
		15CBEF7617E634F70020F35D /* ToDo.app */ = {isa = PBXFileReference; explicitFileType = wrapper.application; includeInIndex = 0; path = ToDo.app; sourceTree = BUILT_PRODUCTS_DIR; };
		15CBEF7917E634F70020F35D /* UIKit.framework */ = {isa = PBXFileReference; lastKnownFileType = wrapper.framework; name = UIKit.framework; path = System/Library/Frameworks/UIKit.framework; sourceTree = SDKROOT; };
		15CBEF7B17E634F70020F35D /* Foundation.framework */ = {isa = PBXFileReference; lastKnownFileType = wrapper.framework; name = Foundation.framework; path = System/Library/Frameworks/Foundation.framework; sourceTree = SDKROOT; };
		15CBEF7D17E634F70020F35D /* CoreGraphics.framework */ = {isa = PBXFileReference; lastKnownFileType = wrapper.framework; name = CoreGraphics.framework; path = System/Library/Frameworks/CoreGraphics.framework; sourceTree = SDKROOT; };
		15CBEF8117E634F70020F35D /* ToDo-Info.plist */ = {isa = PBXFileReference; lastKnownFileType = text.plist.xml; path = "ToDo-Info.plist"; sourceTree = "<group>"; };
		15CBEF8317E634F70020F35D /* en */ = {isa = PBXFileReference; lastKnownFileType = text.plist.strings; name = en; path = en.lproj/InfoPlist.strings; sourceTree = "<group>"; };
		15CBEF8517E634F70020F35D /* main.m */ = {isa = PBXFileReference; lastKnownFileType = sourcecode.c.objc; path = main.m; sourceTree = "<group>"; };
		15CBEF8717E634F70020F35D /* ToDo-Prefix.pch */ = {isa = PBXFileReference; lastKnownFileType = sourcecode.c.h; path = "ToDo-Prefix.pch"; sourceTree = "<group>"; };
		15CBEF8817E634F70020F35D /* TDAppDelegate.h */ = {isa = PBXFileReference; lastKnownFileType = sourcecode.c.h; path = TDAppDelegate.h; sourceTree = "<group>"; };
		15CBEF8917E634F70020F35D /* TDAppDelegate.m */ = {isa = PBXFileReference; lastKnownFileType = sourcecode.c.objc; path = TDAppDelegate.m; sourceTree = "<group>"; };
		15CBEF8B17E634F70020F35D /* Default.png */ = {isa = PBXFileReference; lastKnownFileType = image.png; path = Default.png; sourceTree = "<group>"; };
		15CBEF8D17E634F70020F35D /* Default@2x.png */ = {isa = PBXFileReference; lastKnownFileType = image.png; path = "Default@2x.png"; sourceTree = "<group>"; };
		15CBEF8F17E634F70020F35D /* Default-568h@2x.png */ = {isa = PBXFileReference; lastKnownFileType = image.png; path = "Default-568h@2x.png"; sourceTree = "<group>"; };
		15CBEF9117E634F70020F35D /* TDViewController.h */ = {isa = PBXFileReference; lastKnownFileType = sourcecode.c.h; path = TDViewController.h; sourceTree = "<group>"; };
		15CBEF9217E634F70020F35D /* TDViewController.m */ = {isa = PBXFileReference; lastKnownFileType = sourcecode.c.objc; path = TDViewController.m; sourceTree = "<group>"; };
		15CBEF9517E634F70020F35D /* en */ = {isa = PBXFileReference; lastKnownFileType = file.xib; name = en; path = en.lproj/TDViewController.xib; sourceTree = "<group>"; };
		15E2A63D17EBA78600AF0A46 /* TDTableViewController.h */ = {isa = PBXFileReference; fileEncoding = 4; lastKnownFileType = sourcecode.c.h; path = TDTableViewController.h; sourceTree = "<group>"; };
		15E2A63E17EBA78600AF0A46 /* TDTableViewController.m */ = {isa = PBXFileReference; fileEncoding = 4; lastKnownFileType = sourcecode.c.objc; path = TDTableViewController.m; sourceTree = "<group>"; };
/* End PBXFileReference section */

/* Begin PBXFrameworksBuildPhase section */
		15CBEF7317E634F70020F35D /* Frameworks */ = {
			isa = PBXFrameworksBuildPhase;
			buildActionMask = 2147483647;
			files = (
				15CBEF7A17E634F70020F35D /* UIKit.framework in Frameworks */,
				15CBEF7C17E634F70020F35D /* Foundation.framework in Frameworks */,
				15CBEF7E17E634F70020F35D /* CoreGraphics.framework in Frameworks */,
			);
			runOnlyForDeploymentPostprocessing = 0;
		};
/* End PBXFrameworksBuildPhase section */

/* Begin PBXGroup section */
		15CBEF6D17E634F70020F35D = {
			isa = PBXGroup;
			children = (
				15CBEF7F17E634F70020F35D /* ToDo */,
				15CBEF7817E634F70020F35D /* Frameworks */,
				15CBEF7717E634F70020F35D /* Products */,
			);
			sourceTree = "<group>";
		};
		15CBEF7717E634F70020F35D /* Products */ = {
			isa = PBXGroup;
			children = (
				15CBEF7617E634F70020F35D /* ToDo.app */,
			);
			name = Products;
			sourceTree = "<group>";
		};
		15CBEF7817E634F70020F35D /* Frameworks */ = {
			isa = PBXGroup;
			children = (
				15CBEF7917E634F70020F35D /* UIKit.framework */,
				15CBEF7B17E634F70020F35D /* Foundation.framework */,
				15CBEF7D17E634F70020F35D /* CoreGraphics.framework */,
			);
			name = Frameworks;
			sourceTree = "<group>";
		};
		15CBEF7F17E634F70020F35D /* ToDo */ = {
			isa = PBXGroup;
			children = (
				15CBEF8817E634F70020F35D /* TDAppDelegate.h */,
				157036FE17EC12F700C29BBC /* TDAppDelegate */,
				15CBEF8917E634F70020F35D /* TDAppDelegate.m */,
				15CBEF9117E634F70020F35D /* TDViewController.h */,
				15CBEF9217E634F70020F35D /* TDViewController.m */,
				1570370217EC132100C29BBC /* TDViewController */,
				15E2A63D17EBA78600AF0A46 /* TDTableViewController.h */,
				15E2A63E17EBA78600AF0A46 /* TDTableViewController.m */,
				1570370017EC130E00C29BBC /* TDTableViewController */,
				15CBEF9417E634F70020F35D /* TDViewController.xib */,
				15CBEF8017E634F70020F35D /* Supporting Files */,
			);
			path = ToDo;
			sourceTree = "<group>";
		};
		15CBEF8017E634F70020F35D /* Supporting Files */ = {
			isa = PBXGroup;
			children = (
				15CBEF8117E634F70020F35D /* ToDo-Info.plist */,
				15CBEF8217E634F70020F35D /* InfoPlist.strings */,
				15CBEF8517E634F70020F35D /* main.m */,
				15CBEF8717E634F70020F35D /* ToDo-Prefix.pch */,
				15CBEF8B17E634F70020F35D /* Default.png */,
				15CBEF8D17E634F70020F35D /* Default@2x.png */,
				15CBEF8F17E634F70020F35D /* Default-568h@2x.png */,
			);
			name = "Supporting Files";
			sourceTree = "<group>";
		};
/* End PBXGroup section */

/* Begin PBXNativeTarget section */
		15CBEF7517E634F70020F35D /* ToDo */ = {
			isa = PBXNativeTarget;
			buildConfigurationList = 15CBEF9917E634F70020F35D /* Build configuration list for PBXNativeTarget "ToDo" */;
			buildPhases = (
				15CBEF7217E634F70020F35D /* Sources */,
				15CBEF7317E634F70020F35D /* Frameworks */,
				15CBEF7417E634F70020F35D /* Resources */,
			);
			buildRules = (
			);
			dependencies = (
			);
			name = ToDo;
			productName = ToDo;
			productReference = 15CBEF7617E634F70020F35D /* ToDo.app */;
			productType = "com.apple.product-type.application";
		};
/* End PBXNativeTarget section */

/* Begin PBXProject section */
		15CBEF6E17E634F70020F35D /* Project object */ = {
			isa = PBXProject;
			attributes = {
				CLASSPREFIX = TD;
				LastUpgradeCheck = 0460;
				ORGANIZATIONNAME = "Marc Baselga  Garriga";
			};
			buildConfigurationList = 15CBEF7117E634F70020F35D /* Build configuration list for PBXProject "ToDo" */;
			compatibilityVersion = "Xcode 3.2";
			developmentRegion = English;
			hasScannedForEncodings = 0;
			knownRegions = (
				en,
			);
			mainGroup = 15CBEF6D17E634F70020F35D;
			productRefGroup = 15CBEF7717E634F70020F35D /* Products */;
			projectDirPath = "";
			projectRoot = "";
			targets = (
				15CBEF7517E634F70020F35D /* ToDo */,
			);
		};
/* End PBXProject section */

/* Begin PBXResourcesBuildPhase section */
		15CBEF7417E634F70020F35D /* Resources */ = {
			isa = PBXResourcesBuildPhase;
			buildActionMask = 2147483647;
			files = (
				15CBEF8417E634F70020F35D /* InfoPlist.strings in Resources */,
				15CBEF8C17E634F70020F35D /* Default.png in Resources */,
				15CBEF8E17E634F70020F35D /* Default@2x.png in Resources */,
				15CBEF9017E634F70020F35D /* Default-568h@2x.png in Resources */,
				15CBEF9617E634F70020F35D /* TDViewController.xib in Resources */,
				157036FF17EC12F700C29BBC /* TDAppDelegate in Resources */,
				1570370117EC130E00C29BBC /* TDTableViewController in Resources */,
				1570370317EC132100C29BBC /* TDViewController in Resources */,
			);
			runOnlyForDeploymentPostprocessing = 0;
		};
/* End PBXResourcesBuildPhase section */

/* Begin PBXSourcesBuildPhase section */
		15CBEF7217E634F70020F35D /* Sources */ = {
			isa = PBXSourcesBuildPhase;
			buildActionMask = 2147483647;
			files = (
				15CBEF8617E634F70020F35D /* main.m in Sources */,
				15CBEF8A17E634F70020F35D /* TDAppDelegate.m in Sources */,
				15CBEF9317E634F70020F35D /* TDViewController.m in Sources */,
				15E2A63F17EBA78600AF0A46 /* TDTableViewController.m in Sources */,
			);
			runOnlyForDeploymentPostprocessing = 0;
		};
/* End PBXSourcesBuildPhase section */

/* Begin PBXVariantGroup section */
		15CBEF8217E634F70020F35D /* InfoPlist.strings */ = {
			isa = PBXVariantGroup;
			children = (
				15CBEF8317E634F70020F35D /* en */,
			);
			name = InfoPlist.strings;
			sourceTree = "<group>";
		};
		15CBEF9417E634F70020F35D /* TDViewController.xib */ = {
			isa = PBXVariantGroup;
			children = (
				15CBEF9517E634F70020F35D /* en */,
			);
			name = TDViewController.xib;
			sourceTree = "<group>";
		};
/* End PBXVariantGroup section */

/* Begin XCBuildConfiguration section */
		15CBEF9717E634F70020F35D /* Debug */ = {
			isa = XCBuildConfiguration;
			buildSettings = {
				ALWAYS_SEARCH_USER_PATHS = NO;
				CLANG_CXX_LANGUAGE_STANDARD = "gnu++0x";
				CLANG_CXX_LIBRARY = "libc++";
				CLANG_ENABLE_OBJC_ARC = YES;
				CLANG_WARN_CONSTANT_CONVERSION = YES;
				CLANG_WARN_EMPTY_BODY = YES;
				CLANG_WARN_ENUM_CONVERSION = YES;
				CLANG_WARN_INT_CONVERSION = YES;
				CLANG_WARN__DUPLICATE_METHOD_MATCH = YES;
				"CODE_SIGN_IDENTITY[sdk=iphoneos*]" = "iPhone Developer";
				COPY_PHASE_STRIP = NO;
				GCC_C_LANGUAGE_STANDARD = gnu99;
				GCC_DYNAMIC_NO_PIC = NO;
				GCC_OPTIMIZATION_LEVEL = 0;
				GCC_PREPROCESSOR_DEFINITIONS = (
					"DEBUG=1",
					"$(inherited)",
				);
				GCC_SYMBOLS_PRIVATE_EXTERN = NO;
				GCC_WARN_ABOUT_RETURN_TYPE = YES;
				GCC_WARN_UNINITIALIZED_AUTOS = YES;
				GCC_WARN_UNUSED_VARIABLE = YES;
				IPHONEOS_DEPLOYMENT_TARGET = 6.1;
				ONLY_ACTIVE_ARCH = YES;
				SDKROOT = iphoneos;
			};
			name = Debug;
		};
		15CBEF9817E634F70020F35D /* Release */ = {
			isa = XCBuildConfiguration;
			buildSettings = {
				ALWAYS_SEARCH_USER_PATHS = NO;
				CLANG_CXX_LANGUAGE_STANDARD = "gnu++0x";
				CLANG_CXX_LIBRARY = "libc++";
				CLANG_ENABLE_OBJC_ARC = YES;
				CLANG_WARN_CONSTANT_CONVERSION = YES;
				CLANG_WARN_EMPTY_BODY = YES;
				CLANG_WARN_ENUM_CONVERSION = YES;
				CLANG_WARN_INT_CONVERSION = YES;
				CLANG_WARN__DUPLICATE_METHOD_MATCH = YES;
				"CODE_SIGN_IDENTITY[sdk=iphoneos*]" = "iPhone Developer";
				COPY_PHASE_STRIP = YES;
				GCC_C_LANGUAGE_STANDARD = gnu99;
				GCC_WARN_ABOUT_RETURN_TYPE = YES;
				GCC_WARN_UNINITIALIZED_AUTOS = YES;
				GCC_WARN_UNUSED_VARIABLE = YES;
				IPHONEOS_DEPLOYMENT_TARGET = 6.1;
				OTHER_CFLAGS = "-DNS_BLOCK_ASSERTIONS=1";
				SDKROOT = iphoneos;
				VALIDATE_PRODUCT = YES;
			};
			name = Release;
		};
		15CBEF9A17E634F70020F35D /* Debug */ = {
			isa = XCBuildConfiguration;
			buildSettings = {
				GCC_PRECOMPILE_PREFIX_HEADER = YES;
				GCC_PREFIX_HEADER = "ToDo/ToDo-Prefix.pch";
				INFOPLIST_FILE = "ToDo/ToDo-Info.plist";
				PRODUCT_NAME = "$(TARGET_NAME)";
				WRAPPER_EXTENSION = app;
			};
			name = Debug;
		};
		15CBEF9B17E634F70020F35D /* Release */ = {
			isa = XCBuildConfiguration;
			buildSettings = {
				GCC_PRECOMPILE_PREFIX_HEADER = YES;
				GCC_PREFIX_HEADER = "ToDo/ToDo-Prefix.pch";
				INFOPLIST_FILE = "ToDo/ToDo-Info.plist";
				PRODUCT_NAME = "$(TARGET_NAME)";
				WRAPPER_EXTENSION = app;
			};
			name = Release;
		};
/* End XCBuildConfiguration section */

/* Begin XCConfigurationList section */
		15CBEF7117E634F70020F35D /* Build configuration list for PBXProject "ToDo" */ = {
			isa = XCConfigurationList;
			buildConfigurations = (
				15CBEF9717E634F70020F35D /* Debug */,
				15CBEF9817E634F70020F35D /* Release */,
			);
			defaultConfigurationIsVisible = 0;
			defaultConfigurationName = Release;
		};
		15CBEF9917E634F70020F35D /* Build configuration list for PBXNativeTarget "ToDo" */ = {
			isa = XCConfigurationList;
			buildConfigurations = (
				15CBEF9A17E634F70020F35D /* Debug */,
				15CBEF9B17E634F70020F35D /* Release */,
			);
			defaultConfigurationIsVisible = 0;
			defaultConfigurationName = Release;
		};
/* End XCConfigurationList section */
	};
	rootObject = 15CBEF6E17E634F70020F35D /* Project object */;
}
